
Microsoft Visual Studio Solution File, Format Version 12.00
# Visual Studio Version 17
VisualStudioVersion = 17.8.34330.188
MinimumVisualStudioVersion = 10.0.40219.1
Project("{FAE04EC0-301F-11D3-BF4B-00C04F79EFBC}") = "OCR.Host", "OCR.HOST\OCR.Host.csproj", "{46BE1E8F-19B2-4106-A0E5-4FA9D6ADC285}"
EndProject
Project("{2150E333-8FDC-42A3-9474-1A3956D46DE8}") = "01-PRESENTATION", "01-PRESENTATION", "{A7059FD5-5C97-4098-900A-B99665A42A18}"
EndProject
Project("{FAE04EC0-301F-11D3-BF4B-00C04F79EFBC}") = "OCR.Presentation", "OCR.PRESENTATION\OCR.Presentation.csproj", "{4C3EDE39-5C2A-44D8-8772-640715D01094}"
EndProject
Project("{2150E333-8FDC-42A3-9474-1A3956D46DE8}") = "src", "src", "{11BC9577-AEEF-4F3C-8F3B-0021B38E55BB}"
EndProject
Project("{2150E333-8FDC-42A3-9474-1A3956D46DE8}") = "test", "test", "{909FD600-4F55-4425-81E3-62DB5DF1B739}"
EndProject
Project("{2150E333-8FDC-42A3-9474-1A3956D46DE8}") = "03-INFRASTRUCTURE", "03-INFRASTRUCTURE", "{B3EE6131-A262-4F2C-92EE-5004F3760142}"
EndProject
Project("{2150E333-8FDC-42A3-9474-1A3956D46DE8}") = "02-CORE", "02-CORE", "{456B068A-BE9C-4275-A6E6-49BF9C75C5FF}"
EndProject
Project("{FAE04EC0-301F-11D3-BF4B-00C04F79EFBC}") = "OCR.Domain", "OCR.Domain\OCR.Domain.csproj", "{8DF0EAE6-DB65-4FD5-BDCF-F031729E7ABA}"
EndProject
Project("{FAE04EC0-301F-11D3-BF4B-00C04F79EFBC}") = "OCR.Application", "OCR.Application\OCR.Application.csproj", "{0AFDCBBB-8084-42A2-A53E-4504A15C5D2C}"
EndProject
Project("{FAE04EC0-301F-11D3-BF4B-00C04F79EFBC}") = "OCR.Infrastructure", "OCR.Infrastructure\OCR.Infrastructure.csproj", "{482D5175-6C88-42AA-AEE7-6C9434E29D4D}"
EndProject
Project("{FAE04EC0-301F-11D3-BF4B-00C04F79EFBC}") = "OCR.Persistence", "OCR.Persistence\OCR.Persistence.csproj", "{C9481024-4306-4842-9651-8A7D421A8935}"
EndProject
Global
	GlobalSection(SolutionConfigurationPlatforms) = preSolution
		Debug|Any CPU = Debug|Any CPU
		Release|Any CPU = Release|Any CPU
	EndGlobalSection
	GlobalSection(ProjectConfigurationPlatforms) = postSolution
		{46BE1E8F-19B2-4106-A0E5-4FA9D6ADC285}.Debug|Any CPU.ActiveCfg = Debug|Any CPU
		{46BE1E8F-19B2-4106-A0E5-4FA9D6ADC285}.Debug|Any CPU.Build.0 = Debug|Any CPU
		{46BE1E8F-19B2-4106-A0E5-4FA9D6ADC285}.Release|Any CPU.ActiveCfg = Release|Any CPU
		{46BE1E8F-19B2-4106-A0E5-4FA9D6ADC285}.Release|Any CPU.Build.0 = Release|Any CPU
		{4C3EDE39-5C2A-44D8-8772-640715D01094}.Debug|Any CPU.ActiveCfg = Debug|Any CPU
		{4C3EDE39-5C2A-44D8-8772-640715D01094}.Debug|Any CPU.Build.0 = Debug|Any CPU
		{4C3EDE39-5C2A-44D8-8772-640715D01094}.Release|Any CPU.ActiveCfg = Release|Any CPU
		{4C3EDE39-5C2A-44D8-8772-640715D01094}.Release|Any CPU.Build.0 = Release|Any CPU
		{8DF0EAE6-DB65-4FD5-BDCF-F031729E7ABA}.Debug|Any CPU.ActiveCfg = Debug|Any CPU
		{8DF0EAE6-DB65-4FD5-BDCF-F031729E7ABA}.Debug|Any CPU.Build.0 = Debug|Any CPU
		{8DF0EAE6-DB65-4FD5-BDCF-F031729E7ABA}.Release|Any CPU.ActiveCfg = Release|Any CPU
		{8DF0EAE6-DB65-4FD5-BDCF-F031729E7ABA}.Release|Any CPU.Build.0 = Release|Any CPU
		{0AFDCBBB-8084-42A2-A53E-4504A15C5D2C}.Debug|Any CPU.ActiveCfg = Debug|Any CPU
		{0AFDCBBB-8084-42A2-A53E-4504A15C5D2C}.Debug|Any CPU.Build.0 = Debug|Any CPU
		{0AFDCBBB-8084-42A2-A53E-4504A15C5D2C}.Release|Any CPU.ActiveCfg = Release|Any CPU
		{0AFDCBBB-8084-42A2-A53E-4504A15C5D2C}.Release|Any CPU.Build.0 = Release|Any CPU
		{482D5175-6C88-42AA-AEE7-6C9434E29D4D}.Debug|Any CPU.ActiveCfg = Debug|Any CPU
		{482D5175-6C88-42AA-AEE7-6C9434E29D4D}.Debug|Any CPU.Build.0 = Debug|Any CPU
		{482D5175-6C88-42AA-AEE7-6C9434E29D4D}.Release|Any CPU.ActiveCfg = Release|Any CPU
		{482D5175-6C88-42AA-AEE7-6C9434E29D4D}.Release|Any CPU.Build.0 = Release|Any CPU
		{C9481024-4306-4842-9651-8A7D421A8935}.Debug|Any CPU.ActiveCfg = Debug|Any CPU
		{C9481024-4306-4842-9651-8A7D421A8935}.Debug|Any CPU.Build.0 = Debug|Any CPU
		{C9481024-4306-4842-9651-8A7D421A8935}.Release|Any CPU.ActiveCfg = Release|Any CPU
		{C9481024-4306-4842-9651-8A7D421A8935}.Release|Any CPU.Build.0 = Release|Any CPU
	EndGlobalSection
	GlobalSection(SolutionProperties) = preSolution
		HideSolutionNode = FALSE
	EndGlobalSection
	GlobalSection(NestedProjects) = preSolution
		{46BE1E8F-19B2-4106-A0E5-4FA9D6ADC285} = {A7059FD5-5C97-4098-900A-B99665A42A18}
		{A7059FD5-5C97-4098-900A-B99665A42A18} = {11BC9577-AEEF-4F3C-8F3B-0021B38E55BB}
		{4C3EDE39-5C2A-44D8-8772-640715D01094} = {A7059FD5-5C97-4098-900A-B99665A42A18}
		{B3EE6131-A262-4F2C-92EE-5004F3760142} = {11BC9577-AEEF-4F3C-8F3B-0021B38E55BB}
		{456B068A-BE9C-4275-A6E6-49BF9C75C5FF} = {11BC9577-AEEF-4F3C-8F3B-0021B38E55BB}
		{8DF0EAE6-DB65-4FD5-BDCF-F031729E7ABA} = {456B068A-BE9C-4275-A6E6-49BF9C75C5FF}
		{0AFDCBBB-8084-42A2-A53E-4504A15C5D2C} = {456B068A-BE9C-4275-A6E6-49BF9C75C5FF}
		{482D5175-6C88-42AA-AEE7-6C9434E29D4D} = {B3EE6131-A262-4F2C-92EE-5004F3760142}
		{C9481024-4306-4842-9651-8A7D421A8935} = {B3EE6131-A262-4F2C-92EE-5004F3760142}
	EndGlobalSection
	GlobalSection(ExtensibilityGlobals) = postSolution
		SolutionGuid = {4BFAF5F7-9926-4ECE-AF1F-B77E7229C881}
	EndGlobalSection
EndGlobal
